
Microsoft Visual Studio Solution File, Format Version 11.00
# Visual Studio 2010
Project("{8BC9CEB8-8B4A-11D0-8D11-00A0C91BC942}") = "ipv6source", "ipv6source\ipv6source.vcxproj", "{B314656D-E617-421E-A25F-F8F2E608FCC0}"
EndProject
Global
	GlobalSection(SolutionConfigurationPlatforms) = preSolution
		Debug|Win32 = Debug|Win32
		Release|Win32 = Release|Win32
	EndGlobalSection
	GlobalSection(ProjectConfigurationPlatforms) = postSolution
		{B314656D-E617-421E-A25F-F8F2E608FCC0}.Debug|Win32.ActiveCfg = Debug|Win32
		{B314656D-E617-421E-A25F-F8F2E608FCC0}.Debug|Win32.Build.0 = Debug|Win32
		{B314656D-E617-421E-A25F-F8F2E608FCC0}.Release|Win32.ActiveCfg = Release|Win32
		{B314656D-E617-421E-A25F-F8F2E608FCC0}.Release|Win32.Build.0 = Release|Win32
	EndGlobalSection
	GlobalSection(SolutionProperties) = preSolution
		HideSolutionNode = FALSE
	EndGlobalSection
EndGlobal
